// !$*UTF8*$!
{
	archiveVersion = 1;
	classes = {
	};
	objectVersion = 55;
	objects = {

/* Begin PBXBuildFile section */
		3C0217A6287722FA004A5BB5 /* VisualizadorDePlanosSwiftUIApp.swift in Sources */ = {isa = PBXBuildFile; fileRef = 3C0217A5287722FA004A5BB5 /* VisualizadorDePlanosSwiftUIApp.swift */; };
		3C0217A8287722FA004A5BB5 /* InitView.swift in Sources */ = {isa = PBXBuildFile; fileRef = 3C0217A7287722FA004A5BB5 /* InitView.swift */; };
		3C0217AA287722FE004A5BB5 /* Assets.xcassets in Resources */ = {isa = PBXBuildFile; fileRef = 3C0217A9287722FE004A5BB5 /* Assets.xcassets */; };
		3C0217AD287722FE004A5BB5 /* Preview Assets.xcassets in Resources */ = {isa = PBXBuildFile; fileRef = 3C0217AC287722FE004A5BB5 /* Preview Assets.xcassets */; };
		3C0217B5287726CE004A5BB5 /* FirebaseAnalytics in Frameworks */ = {isa = PBXBuildFile; productRef = 3C0217B4287726CE004A5BB5 /* FirebaseAnalytics */; };
		3C0217B7287726CE004A5BB5 /* FirebaseAnalyticsSwift-Beta in Frameworks */ = {isa = PBXBuildFile; productRef = 3C0217B6287726CE004A5BB5 /* FirebaseAnalyticsSwift-Beta */; };
		3C0217BB2877296B004A5BB5 /* GoogleService-Info.plist in Resources */ = {isa = PBXBuildFile; fileRef = 3C0217BA2877296B004A5BB5 /* GoogleService-Info.plist */; };
		3C0217BD287746F8004A5BB5 /* LoginView.swift in Sources */ = {isa = PBXBuildFile; fileRef = 3C0217BC287746F8004A5BB5 /* LoginView.swift */; };
		3C0217BF2877476E004A5BB5 /* RegisterView.swift in Sources */ = {isa = PBXBuildFile; fileRef = 3C0217BE2877476E004A5BB5 /* RegisterView.swift */; };
		3C0217C1287752F7004A5BB5 /* DataTypes.swift in Sources */ = {isa = PBXBuildFile; fileRef = 3C0217C0287752F7004A5BB5 /* DataTypes.swift */; };
		3C0217C42877593A004A5BB5 /* FirebaseAuth in Frameworks */ = {isa = PBXBuildFile; productRef = 3C0217C32877593A004A5BB5 /* FirebaseAuth */; };
		3C0217C6287761F1004A5BB5 /* AuthentificationFirebaseDatasource.swift in Sources */ = {isa = PBXBuildFile; fileRef = 3C0217C5287761F1004A5BB5 /* AuthentificationFirebaseDatasource.swift */; };
		3C0217C828776653004A5BB5 /* AuthenticationRepository.swift in Sources */ = {isa = PBXBuildFile; fileRef = 3C0217C728776653004A5BB5 /* AuthenticationRepository.swift */; };
		3C0217CA28786D33004A5BB5 /* AuthenticationViewModel.swift in Sources */ = {isa = PBXBuildFile; fileRef = 3C0217C928786D33004A5BB5 /* AuthenticationViewModel.swift */; };
		3C0217CC28788611004A5BB5 /* StorageView.swift in Sources */ = {isa = PBXBuildFile; fileRef = 3C0217CB28788611004A5BB5 /* StorageView.swift */; };
		3C0217D12879E09A004A5BB5 /* FirebaseFirestore in Frameworks */ = {isa = PBXBuildFile; productRef = 3C0217D02879E09A004A5BB5 /* FirebaseFirestore */; };
		3C0217D32879E0FA004A5BB5 /* FirebaseStorage in Frameworks */ = {isa = PBXBuildFile; productRef = 3C0217D22879E0FA004A5BB5 /* FirebaseStorage */; };
		3C0217D5287B78E5004A5BB5 /* StorageManager.swift in Sources */ = {isa = PBXBuildFile; fileRef = 3C0217D4287B78E5004A5BB5 /* StorageManager.swift */; };
		3C0217D7287B9D70004A5BB5 /* StorageImageView.swift in Sources */ = {isa = PBXBuildFile; fileRef = 3C0217D6287B9D70004A5BB5 /* StorageImageView.swift */; };
		3C5C6BD4287E066D001A398C /* FireStoreViewModel.swift in Sources */ = {isa = PBXBuildFile; fileRef = 3C5C6BD3287E066D001A398C /* FireStoreViewModel.swift */; };
		3C5C6BD8287E0738001A398C /* FireStoreRepository.swift in Sources */ = {isa = PBXBuildFile; fileRef = 3C5C6BD7287E0738001A398C /* FireStoreRepository.swift */; };
		3C5C6BDA287E0786001A398C /* FireStoreDatasource.swift in Sources */ = {isa = PBXBuildFile; fileRef = 3C5C6BD9287E0786001A398C /* FireStoreDatasource.swift */; };
		3C5C6BDC287E07D7001A398C /* FirebaseFirestoreSwift-Beta in Frameworks */ = {isa = PBXBuildFile; productRef = 3C5C6BDB287E07D7001A398C /* FirebaseFirestoreSwift-Beta */; };
		3C5C6BDE287E25C4001A398C /* OptionsView.swift in Sources */ = {isa = PBXBuildFile; fileRef = 3C5C6BDD287E25C3001A398C /* OptionsView.swift */; };
		3C5C6BE0287E2CBD001A398C /* FireStoreView.swift in Sources */ = {isa = PBXBuildFile; fileRef = 3C5C6BDF287E2CBD001A398C /* FireStoreView.swift */; };
		3C5C6BE2287EF795001A398C /* FireStoreImageView.swift in Sources */ = {isa = PBXBuildFile; fileRef = 3C5C6BE1287EF795001A398C /* FireStoreImageView.swift */; };
		3CAED19C2886E1FE007BC223 /* StockDatasource.swift in Sources */ = {isa = PBXBuildFile; fileRef = 3CAED19B2886E1FE007BC223 /* StockDatasource.swift */; };
		3CAED19E2886E219007BC223 /* StockRepository.swift in Sources */ = {isa = PBXBuildFile; fileRef = 3CAED19D2886E219007BC223 /* StockRepository.swift */; };
		3CAED1A02886E231007BC223 /* StockViewModel.swift in Sources */ = {isa = PBXBuildFile; fileRef = 3CAED19F2886E231007BC223 /* StockViewModel.swift */; };
		3CAED1A22886EABE007BC223 /* StockView.swift in Sources */ = {isa = PBXBuildFile; fileRef = 3CAED1A12886EABE007BC223 /* StockView.swift */; };
		3CAED1A6288855D7007BC223 /* ListStockView.swift in Sources */ = {isa = PBXBuildFile; fileRef = 3CAED1A5288855D7007BC223 /* ListStockView.swift */; };
		3CF9E961287F5B9A00290AD0 /* ProgressView.swift in Sources */ = {isa = PBXBuildFile; fileRef = 3CF9E960287F5B9A00290AD0 /* ProgressView.swift */; };
		3CF9E96328804A5900290AD0 /* InitScrollView.swift in Sources */ = {isa = PBXBuildFile; fileRef = 3CF9E96228804A5900290AD0 /* InitScrollView.swift */; };
		3CF9E965288058D800290AD0 /* LogoView.swift in Sources */ = {isa = PBXBuildFile; fileRef = 3CF9E964288058D800290AD0 /* LogoView.swift */; };
/* End PBXBuildFile section */

/* Begin PBXFileReference section */
		3C0217A2287722FA004A5BB5 /* VisualizadorDePlanosSwiftUI.app */ = {isa = PBXFileReference; explicitFileType = wrapper.application; includeInIndex = 0; path = VisualizadorDePlanosSwiftUI.app; sourceTree = BUILT_PRODUCTS_DIR; };
		3C0217A5287722FA004A5BB5 /* VisualizadorDePlanosSwiftUIApp.swift */ = {isa = PBXFileReference; lastKnownFileType = sourcecode.swift; path = VisualizadorDePlanosSwiftUIApp.swift; sourceTree = "<group>"; };
		3C0217A7287722FA004A5BB5 /* InitView.swift */ = {isa = PBXFileReference; lastKnownFileType = sourcecode.swift; path = InitView.swift; sourceTree = "<group>"; };
		3C0217A9287722FE004A5BB5 /* Assets.xcassets */ = {isa = PBXFileReference; lastKnownFileType = folder.assetcatalog; path = Assets.xcassets; sourceTree = "<group>"; };
		3C0217AC287722FE004A5BB5 /* Preview Assets.xcassets */ = {isa = PBXFileReference; lastKnownFileType = folder.assetcatalog; path = "Preview Assets.xcassets"; sourceTree = "<group>"; };
		3C0217BA2877296B004A5BB5 /* GoogleService-Info.plist */ = {isa = PBXFileReference; fileEncoding = 4; lastKnownFileType = text.plist.xml; path = "GoogleService-Info.plist"; sourceTree = "<group>"; };
		3C0217BC287746F8004A5BB5 /* LoginView.swift */ = {isa = PBXFileReference; lastKnownFileType = sourcecode.swift; path = LoginView.swift; sourceTree = "<group>"; };
		3C0217BE2877476E004A5BB5 /* RegisterView.swift */ = {isa = PBXFileReference; lastKnownFileType = sourcecode.swift; path = RegisterView.swift; sourceTree = "<group>"; };
		3C0217C0287752F7004A5BB5 /* DataTypes.swift */ = {isa = PBXFileReference; lastKnownFileType = sourcecode.swift; path = DataTypes.swift; sourceTree = "<group>"; };
		3C0217C5287761F1004A5BB5 /* AuthentificationFirebaseDatasource.swift */ = {isa = PBXFileReference; lastKnownFileType = sourcecode.swift; path = AuthentificationFirebaseDatasource.swift; sourceTree = "<group>"; };
		3C0217C728776653004A5BB5 /* AuthenticationRepository.swift */ = {isa = PBXFileReference; lastKnownFileType = sourcecode.swift; path = AuthenticationRepository.swift; sourceTree = "<group>"; };
		3C0217C928786D33004A5BB5 /* AuthenticationViewModel.swift */ = {isa = PBXFileReference; lastKnownFileType = sourcecode.swift; path = AuthenticationViewModel.swift; sourceTree = "<group>"; };
		3C0217CB28788611004A5BB5 /* StorageView.swift */ = {isa = PBXFileReference; lastKnownFileType = sourcecode.swift; lineEnding = 1; path = StorageView.swift; sourceTree = "<group>"; };
		3C0217D4287B78E5004A5BB5 /* StorageManager.swift */ = {isa = PBXFileReference; lastKnownFileType = sourcecode.swift; path = StorageManager.swift; sourceTree = "<group>"; };
		3C0217D6287B9D70004A5BB5 /* StorageImageView.swift */ = {isa = PBXFileReference; lastKnownFileType = sourcecode.swift; path = StorageImageView.swift; sourceTree = "<group>"; };
		3C5C6BD3287E066D001A398C /* FireStoreViewModel.swift */ = {isa = PBXFileReference; lastKnownFileType = sourcecode.swift; path = FireStoreViewModel.swift; sourceTree = "<group>"; };
		3C5C6BD7287E0738001A398C /* FireStoreRepository.swift */ = {isa = PBXFileReference; lastKnownFileType = sourcecode.swift; path = FireStoreRepository.swift; sourceTree = "<group>"; };
		3C5C6BD9287E0786001A398C /* FireStoreDatasource.swift */ = {isa = PBXFileReference; lastKnownFileType = sourcecode.swift; path = FireStoreDatasource.swift; sourceTree = "<group>"; };
		3C5C6BDD287E25C3001A398C /* OptionsView.swift */ = {isa = PBXFileReference; lastKnownFileType = sourcecode.swift; path = OptionsView.swift; sourceTree = "<group>"; tabWidth = 4; };
		3C5C6BDF287E2CBD001A398C /* FireStoreView.swift */ = {isa = PBXFileReference; lastKnownFileType = sourcecode.swift; path = FireStoreView.swift; sourceTree = "<group>"; };
		3C5C6BE1287EF795001A398C /* FireStoreImageView.swift */ = {isa = PBXFileReference; lastKnownFileType = sourcecode.swift; path = FireStoreImageView.swift; sourceTree = "<group>"; };
		3CAED19B2886E1FE007BC223 /* StockDatasource.swift */ = {isa = PBXFileReference; lastKnownFileType = sourcecode.swift; path = StockDatasource.swift; sourceTree = "<group>"; };
		3CAED19D2886E219007BC223 /* StockRepository.swift */ = {isa = PBXFileReference; lastKnownFileType = sourcecode.swift; path = StockRepository.swift; sourceTree = "<group>"; };
		3CAED19F2886E231007BC223 /* StockViewModel.swift */ = {isa = PBXFileReference; lastKnownFileType = sourcecode.swift; path = StockViewModel.swift; sourceTree = "<group>"; };
		3CAED1A12886EABE007BC223 /* StockView.swift */ = {isa = PBXFileReference; lastKnownFileType = sourcecode.swift; path = StockView.swift; sourceTree = "<group>"; };
		3CAED1A5288855D7007BC223 /* ListStockView.swift */ = {isa = PBXFileReference; lastKnownFileType = sourcecode.swift; path = ListStockView.swift; sourceTree = "<group>"; };
		3CF9E960287F5B9A00290AD0 /* ProgressView.swift */ = {isa = PBXFileReference; lastKnownFileType = sourcecode.swift; path = ProgressView.swift; sourceTree = "<group>"; };
		3CF9E96228804A5900290AD0 /* InitScrollView.swift */ = {isa = PBXFileReference; lastKnownFileType = sourcecode.swift; path = InitScrollView.swift; sourceTree = "<group>"; };
		3CF9E964288058D800290AD0 /* LogoView.swift */ = {isa = PBXFileReference; lastKnownFileType = sourcecode.swift; path = LogoView.swift; sourceTree = "<group>"; };
/* End PBXFileReference section */

/* Begin PBXFrameworksBuildPhase section */
		3C02179F287722FA004A5BB5 /* Frameworks */ = {
			isa = PBXFrameworksBuildPhase;
			buildActionMask = 2147483647;
			files = (
				3C0217B7287726CE004A5BB5 /* FirebaseAnalyticsSwift-Beta in Frameworks */,
				3C0217D12879E09A004A5BB5 /* FirebaseFirestore in Frameworks */,
				3C0217C42877593A004A5BB5 /* FirebaseAuth in Frameworks */,
				3C5C6BDC287E07D7001A398C /* FirebaseFirestoreSwift-Beta in Frameworks */,
				3C0217D32879E0FA004A5BB5 /* FirebaseStorage in Frameworks */,
				3C0217B5287726CE004A5BB5 /* FirebaseAnalytics in Frameworks */,
			);
			runOnlyForDeploymentPostprocessing = 0;
		};
/* End PBXFrameworksBuildPhase section */

/* Begin PBXGroup section */
		3C021799287722FA004A5BB5 = {
			isa = PBXGroup;
			children = (
				3C0217A4287722FA004A5BB5 /* VisualizadorDePlanosSwiftUI */,
				3C0217A3287722FA004A5BB5 /* Products */,
				3C0217C22877593A004A5BB5 /* Frameworks */,
			);
			sourceTree = "<group>";
		};
		3C0217A3287722FA004A5BB5 /* Products */ = {
			isa = PBXGroup;
			children = (
				3C0217A2287722FA004A5BB5 /* VisualizadorDePlanosSwiftUI.app */,
			);
			name = Products;
			sourceTree = "<group>";
		};
		3C0217A4287722FA004A5BB5 /* VisualizadorDePlanosSwiftUI */ = {
			isa = PBXGroup;
			children = (
				3C0217A5287722FA004A5BB5 /* VisualizadorDePlanosSwiftUIApp.swift */,
				3C0217C0287752F7004A5BB5 /* DataTypes.swift */,
				3C5C6BD2287E0566001A398C /* ImageViewer */,
				3C0217CD28789E51004A5BB5 /* Authentication */,
				3C0217BA2877296B004A5BB5 /* GoogleService-Info.plist */,
				3C0217A9287722FE004A5BB5 /* Assets.xcassets */,
				3C0217AB287722FE004A5BB5 /* Preview Content */,
			);
			path = VisualizadorDePlanosSwiftUI;
			sourceTree = "<group>";
		};
		3C0217AB287722FE004A5BB5 /* Preview Content */ = {
			isa = PBXGroup;
			children = (
				3C0217AC287722FE004A5BB5 /* Preview Assets.xcassets */,
			);
			path = "Preview Content";
			sourceTree = "<group>";
		};
		3C0217C22877593A004A5BB5 /* Frameworks */ = {
			isa = PBXGroup;
			children = (
			);
			name = Frameworks;
			sourceTree = "<group>";
		};
		3C0217CD28789E51004A5BB5 /* Authentication */ = {
			isa = PBXGroup;
			children = (
				3C0217CE28789EE4004A5BB5 /* AuthenticationViews */,
				3C0217CF28789EF4004A5BB5 /* Repository */,
			);
			path = Authentication;
			sourceTree = "<group>";
		};
		3C0217CE28789EE4004A5BB5 /* AuthenticationViews */ = {
			isa = PBXGroup;
			children = (
				3C0217A7287722FA004A5BB5 /* InitView.swift */,
				3C0217BE2877476E004A5BB5 /* RegisterView.swift */,
				3C0217BC287746F8004A5BB5 /* LoginView.swift */,
			);
			path = AuthenticationViews;
			sourceTree = "<group>";
		};
		3C0217CF28789EF4004A5BB5 /* Repository */ = {
			isa = PBXGroup;
			children = (
				3C0217C5287761F1004A5BB5 /* AuthentificationFirebaseDatasource.swift */,
				3C0217C728776653004A5BB5 /* AuthenticationRepository.swift */,
				3C0217C928786D33004A5BB5 /* AuthenticationViewModel.swift */,
			);
			path = Repository;
			sourceTree = "<group>";
		};
		3C5C6BD2287E0566001A398C /* ImageViewer */ = {
			isa = PBXGroup;
			children = (
				3CF9E9662881D34300290AD0 /* ComonViews */,
				3C5C6BD6287E06D1001A398C /* Views */,
				3C5C6BD5287E06A6001A398C /* Repository(FireStore) */,
				3CAED19A2886E1AC007BC223 /* Repository (Stock) */,
			);
			path = ImageViewer;
			sourceTree = "<group>";
		};
		3C5C6BD5287E06A6001A398C /* Repository(FireStore) */ = {
			isa = PBXGroup;
			children = (
				3C5C6BD9287E0786001A398C /* FireStoreDatasource.swift */,
				3C5C6BD7287E0738001A398C /* FireStoreRepository.swift */,
				3C5C6BD3287E066D001A398C /* FireStoreViewModel.swift */,
				3C0217D4287B78E5004A5BB5 /* StorageManager.swift */,
			);
			path = "Repository(FireStore)";
			sourceTree = "<group>";
		};
		3C5C6BD6287E06D1001A398C /* Views */ = {
			isa = PBXGroup;
			children = (
				3C5C6BDD287E25C3001A398C /* OptionsView.swift */,
				3C0217CB28788611004A5BB5 /* StorageView.swift */,
				3C0217D6287B9D70004A5BB5 /* StorageImageView.swift */,
				3C5C6BDF287E2CBD001A398C /* FireStoreView.swift */,
				3C5C6BE1287EF795001A398C /* FireStoreImageView.swift */,
				3CAED1A12886EABE007BC223 /* StockView.swift */,
				3CAED1A5288855D7007BC223 /* ListStockView.swift */,
			);
			path = Views;
			sourceTree = "<group>";
		};
		3CAED19A2886E1AC007BC223 /* Repository (Stock) */ = {
			isa = PBXGroup;
			children = (
				3CAED19B2886E1FE007BC223 /* StockDatasource.swift */,
				3CAED19D2886E219007BC223 /* StockRepository.swift */,
				3CAED19F2886E231007BC223 /* StockViewModel.swift */,
			);
			path = "Repository (Stock)";
			sourceTree = "<group>";
		};
		3CF9E9662881D34300290AD0 /* ComonViews */ = {
			isa = PBXGroup;
			children = (
				3CF9E964288058D800290AD0 /* LogoView.swift */,
				3CF9E96228804A5900290AD0 /* InitScrollView.swift */,
				3CF9E960287F5B9A00290AD0 /* ProgressView.swift */,
			);
			path = ComonViews;
			sourceTree = "<group>";
		};
/* End PBXGroup section */

/* Begin PBXNativeTarget section */
		3C0217A1287722FA004A5BB5 /* VisualizadorDePlanosSwiftUI */ = {
			isa = PBXNativeTarget;
			buildConfigurationList = 3C0217B0287722FE004A5BB5 /* Build configuration list for PBXNativeTarget "VisualizadorDePlanosSwiftUI" */;
			buildPhases = (
				3C02179E287722FA004A5BB5 /* Sources */,
				3C02179F287722FA004A5BB5 /* Frameworks */,
				3C0217A0287722FA004A5BB5 /* Resources */,
			);
			buildRules = (
			);
			dependencies = (
			);
			name = VisualizadorDePlanosSwiftUI;
			packageProductDependencies = (
				3C0217B4287726CE004A5BB5 /* FirebaseAnalytics */,
				3C0217B6287726CE004A5BB5 /* FirebaseAnalyticsSwift-Beta */,
				3C0217C32877593A004A5BB5 /* FirebaseAuth */,
				3C0217D02879E09A004A5BB5 /* FirebaseFirestore */,
				3C0217D22879E0FA004A5BB5 /* FirebaseStorage */,
				3C5C6BDB287E07D7001A398C /* FirebaseFirestoreSwift-Beta */,
			);
			productName = VisualizadorDePlanosSwiftUI;
			productReference = 3C0217A2287722FA004A5BB5 /* VisualizadorDePlanosSwiftUI.app */;
			productType = "com.apple.product-type.application";
		};
/* End PBXNativeTarget section */

/* Begin PBXProject section */
		3C02179A287722FA004A5BB5 /* Project object */ = {
			isa = PBXProject;
			attributes = {
				BuildIndependentTargetsInParallel = 1;
				LastSwiftUpdateCheck = 1300;
				LastUpgradeCheck = 1300;
				TargetAttributes = {
					3C0217A1287722FA004A5BB5 = {
						CreatedOnToolsVersion = 13.0;
					};
				};
			};
			buildConfigurationList = 3C02179D287722FA004A5BB5 /* Build configuration list for PBXProject "VisualizadorDePlanosSwiftUI" */;
			compatibilityVersion = "Xcode 13.0";
			developmentRegion = en;
			hasScannedForEncodings = 0;
			knownRegions = (
				en,
				Base,
			);
			mainGroup = 3C021799287722FA004A5BB5;
			packageReferences = (
				3C0217B3287726CE004A5BB5 /* XCRemoteSwiftPackageReference "firebase-ios-sdk" */,
			);
			productRefGroup = 3C0217A3287722FA004A5BB5 /* Products */;
			projectDirPath = "";
			projectRoot = "";
			targets = (
				3C0217A1287722FA004A5BB5 /* VisualizadorDePlanosSwiftUI */,
			);
		};
/* End PBXProject section */

/* Begin PBXResourcesBuildPhase section */
		3C0217A0287722FA004A5BB5 /* Resources */ = {
			isa = PBXResourcesBuildPhase;
			buildActionMask = 2147483647;
			files = (
				3C0217AD287722FE004A5BB5 /* Preview Assets.xcassets in Resources */,
				3C0217AA287722FE004A5BB5 /* Assets.xcassets in Resources */,
				3C0217BB2877296B004A5BB5 /* GoogleService-Info.plist in Resources */,
			);
			runOnlyForDeploymentPostprocessing = 0;
		};
/* End PBXResourcesBuildPhase section */

/* Begin PBXSourcesBuildPhase section */
		3C02179E287722FA004A5BB5 /* Sources */ = {
			isa = PBXSourcesBuildPhase;
			buildActionMask = 2147483647;
			files = (
				3C5C6BE2287EF795001A398C /* FireStoreImageView.swift in Sources */,
				3C0217CC28788611004A5BB5 /* StorageView.swift in Sources */,
				3C0217C6287761F1004A5BB5 /* AuthentificationFirebaseDatasource.swift in Sources */,
				3CAED19C2886E1FE007BC223 /* StockDatasource.swift in Sources */,
				3C5C6BD4287E066D001A398C /* FireStoreViewModel.swift in Sources */,
				3C5C6BDE287E25C4001A398C /* OptionsView.swift in Sources */,
				3CF9E965288058D800290AD0 /* LogoView.swift in Sources */,
				3C0217A8287722FA004A5BB5 /* InitView.swift in Sources */,
				3C0217BF2877476E004A5BB5 /* RegisterView.swift in Sources */,
				3CAED1A22886EABE007BC223 /* StockView.swift in Sources */,
				3C0217D7287B9D70004A5BB5 /* StorageImageView.swift in Sources */,
				3C5C6BD8287E0738001A398C /* FireStoreRepository.swift in Sources */,
				3C0217C1287752F7004A5BB5 /* DataTypes.swift in Sources */,
				3C5C6BE0287E2CBD001A398C /* FireStoreView.swift in Sources */,
				3C0217CA28786D33004A5BB5 /* AuthenticationViewModel.swift in Sources */,
				3CAED1A02886E231007BC223 /* StockViewModel.swift in Sources */,
				3C0217A6287722FA004A5BB5 /* VisualizadorDePlanosSwiftUIApp.swift in Sources */,
				3CF9E96328804A5900290AD0 /* InitScrollView.swift in Sources */,
				3CAED1A6288855D7007BC223 /* ListStockView.swift in Sources */,
				3CAED19E2886E219007BC223 /* StockRepository.swift in Sources */,
				3C0217D5287B78E5004A5BB5 /* StorageManager.swift in Sources */,
				3C0217BD287746F8004A5BB5 /* LoginView.swift in Sources */,
				3C5C6BDA287E0786001A398C /* FireStoreDatasource.swift in Sources */,
				3C0217C828776653004A5BB5 /* AuthenticationRepository.swift in Sources */,
				3CF9E961287F5B9A00290AD0 /* ProgressView.swift in Sources */,
			);
			runOnlyForDeploymentPostprocessing = 0;
		};
/* End PBXSourcesBuildPhase section */

/* Begin XCBuildConfiguration section */
		3C0217AE287722FE004A5BB5 /* Debug */ = {
			isa = XCBuildConfiguration;
			buildSettings = {
				ALWAYS_SEARCH_USER_PATHS = NO;
				CLANG_ANALYZER_NONNULL = YES;
				CLANG_ANALYZER_NUMBER_OBJECT_CONVERSION = YES_AGGRESSIVE;
				CLANG_CXX_LANGUAGE_STANDARD = "gnu++17";
				CLANG_CXX_LIBRARY = "libc++";
				CLANG_ENABLE_MODULES = YES;
				CLANG_ENABLE_OBJC_ARC = YES;
				CLANG_ENABLE_OBJC_WEAK = YES;
				CLANG_WARN_BLOCK_CAPTURE_AUTORELEASING = YES;
				CLANG_WARN_BOOL_CONVERSION = YES;
				CLANG_WARN_COMMA = YES;
				CLANG_WARN_CONSTANT_CONVERSION = YES;
				CLANG_WARN_DEPRECATED_OBJC_IMPLEMENTATIONS = YES;
				CLANG_WARN_DIRECT_OBJC_ISA_USAGE = YES_ERROR;
				CLANG_WARN_DOCUMENTATION_COMMENTS = YES;
				CLANG_WARN_EMPTY_BODY = YES;
				CLANG_WARN_ENUM_CONVERSION = YES;
				CLANG_WARN_INFINITE_RECURSION = YES;
				CLANG_WARN_INT_CONVERSION = YES;
				CLANG_WARN_NON_LITERAL_NULL_CONVERSION = YES;
				CLANG_WARN_OBJC_IMPLICIT_RETAIN_SELF = YES;
				CLANG_WARN_OBJC_LITERAL_CONVERSION = YES;
				CLANG_WARN_OBJC_ROOT_CLASS = YES_ERROR;
				CLANG_WARN_QUOTED_INCLUDE_IN_FRAMEWORK_HEADER = YES;
				CLANG_WARN_RANGE_LOOP_ANALYSIS = YES;
				CLANG_WARN_STRICT_PROTOTYPES = YES;
				CLANG_WARN_SUSPICIOUS_MOVE = YES;
				CLANG_WARN_UNGUARDED_AVAILABILITY = YES_AGGRESSIVE;
				CLANG_WARN_UNREACHABLE_CODE = YES;
				CLANG_WARN__DUPLICATE_METHOD_MATCH = YES;
				COPY_PHASE_STRIP = NO;
				DEBUG_INFORMATION_FORMAT = dwarf;
				ENABLE_STRICT_OBJC_MSGSEND = YES;
				ENABLE_TESTABILITY = YES;
				GCC_C_LANGUAGE_STANDARD = gnu11;
				GCC_DYNAMIC_NO_PIC = NO;
				GCC_NO_COMMON_BLOCKS = YES;
				GCC_OPTIMIZATION_LEVEL = 0;
				GCC_PREPROCESSOR_DEFINITIONS = (
					"DEBUG=1",
					"$(inherited)",
				);
				GCC_WARN_64_TO_32_BIT_CONVERSION = YES;
				GCC_WARN_ABOUT_RETURN_TYPE = YES_ERROR;
				GCC_WARN_UNDECLARED_SELECTOR = YES;
				GCC_WARN_UNINITIALIZED_AUTOS = YES_AGGRESSIVE;
				GCC_WARN_UNUSED_FUNCTION = YES;
				GCC_WARN_UNUSED_VARIABLE = YES;
				IPHONEOS_DEPLOYMENT_TARGET = 15.0;
				MTL_ENABLE_DEBUG_INFO = INCLUDE_SOURCE;
				MTL_FAST_MATH = YES;
				ONLY_ACTIVE_ARCH = YES;
				SDKROOT = iphoneos;
				SWIFT_ACTIVE_COMPILATION_CONDITIONS = DEBUG;
				SWIFT_OPTIMIZATION_LEVEL = "-Onone";
			};
			name = Debug;
		};
		3C0217AF287722FE004A5BB5 /* Release */ = {
			isa = XCBuildConfiguration;
			buildSettings = {
				ALWAYS_SEARCH_USER_PATHS = NO;
				CLANG_ANALYZER_NONNULL = YES;
				CLANG_ANALYZER_NUMBER_OBJECT_CONVERSION = YES_AGGRESSIVE;
				CLANG_CXX_LANGUAGE_STANDARD = "gnu++17";
				CLANG_CXX_LIBRARY = "libc++";
				CLANG_ENABLE_MODULES = YES;
				CLANG_ENABLE_OBJC_ARC = YES;
				CLANG_ENABLE_OBJC_WEAK = YES;
				CLANG_WARN_BLOCK_CAPTURE_AUTORELEASING = YES;
				CLANG_WARN_BOOL_CONVERSION = YES;
				CLANG_WARN_COMMA = YES;
				CLANG_WARN_CONSTANT_CONVERSION = YES;
				CLANG_WARN_DEPRECATED_OBJC_IMPLEMENTATIONS = YES;
				CLANG_WARN_DIRECT_OBJC_ISA_USAGE = YES_ERROR;
				CLANG_WARN_DOCUMENTATION_COMMENTS = YES;
				CLANG_WARN_EMPTY_BODY = YES;
				CLANG_WARN_ENUM_CONVERSION = YES;
				CLANG_WARN_INFINITE_RECURSION = YES;
				CLANG_WARN_INT_CONVERSION = YES;
				CLANG_WARN_NON_LITERAL_NULL_CONVERSION = YES;
				CLANG_WARN_OBJC_IMPLICIT_RETAIN_SELF = YES;
				CLANG_WARN_OBJC_LITERAL_CONVERSION = YES;
				CLANG_WARN_OBJC_ROOT_CLASS = YES_ERROR;
				CLANG_WARN_QUOTED_INCLUDE_IN_FRAMEWORK_HEADER = YES;
				CLANG_WARN_RANGE_LOOP_ANALYSIS = YES;
				CLANG_WARN_STRICT_PROTOTYPES = YES;
				CLANG_WARN_SUSPICIOUS_MOVE = YES;
				CLANG_WARN_UNGUARDED_AVAILABILITY = YES_AGGRESSIVE;
				CLANG_WARN_UNREACHABLE_CODE = YES;
				CLANG_WARN__DUPLICATE_METHOD_MATCH = YES;
				COPY_PHASE_STRIP = NO;
				DEBUG_INFORMATION_FORMAT = "dwarf-with-dsym";
				ENABLE_NS_ASSERTIONS = NO;
				ENABLE_STRICT_OBJC_MSGSEND = YES;
				GCC_C_LANGUAGE_STANDARD = gnu11;
				GCC_NO_COMMON_BLOCKS = YES;
				GCC_WARN_64_TO_32_BIT_CONVERSION = YES;
				GCC_WARN_ABOUT_RETURN_TYPE = YES_ERROR;
				GCC_WARN_UNDECLARED_SELECTOR = YES;
				GCC_WARN_UNINITIALIZED_AUTOS = YES_AGGRESSIVE;
				GCC_WARN_UNUSED_FUNCTION = YES;
				GCC_WARN_UNUSED_VARIABLE = YES;
				IPHONEOS_DEPLOYMENT_TARGET = 15.0;
				MTL_ENABLE_DEBUG_INFO = NO;
				MTL_FAST_MATH = YES;
				SDKROOT = iphoneos;
				SWIFT_COMPILATION_MODE = wholemodule;
				SWIFT_OPTIMIZATION_LEVEL = "-O";
				VALIDATE_PRODUCT = YES;
			};
			name = Release;
		};
		3C0217B1287722FE004A5BB5 /* Debug */ = {
			isa = XCBuildConfiguration;
			buildSettings = {
				ASSETCATALOG_COMPILER_APPICON_NAME = AppIcon;
				ASSETCATALOG_COMPILER_GLOBAL_ACCENT_COLOR_NAME = AccentColor;
				CODE_SIGN_STYLE = Automatic;
				CURRENT_PROJECT_VERSION = 1;
				DEVELOPMENT_ASSET_PATHS = "\"VisualizadorDePlanosSwiftUI/Preview Content\"";
				ENABLE_PREVIEWS = YES;
				GENERATE_INFOPLIST_FILE = YES;
				INFOPLIST_KEY_UIApplicationSceneManifest_Generation = YES;
				INFOPLIST_KEY_UIApplicationSupportsIndirectInputEvents = YES;
				INFOPLIST_KEY_UILaunchScreen_Generation = YES;
				INFOPLIST_KEY_UISupportedInterfaceOrientations_iPad = "UIInterfaceOrientationPortrait UIInterfaceOrientationPortraitUpsideDown UIInterfaceOrientationLandscapeLeft UIInterfaceOrientationLandscapeRight";
				INFOPLIST_KEY_UISupportedInterfaceOrientations_iPhone = "UIInterfaceOrientationPortrait UIInterfaceOrientationLandscapeLeft UIInterfaceOrientationLandscapeRight";
				IPHONEOS_DEPLOYMENT_TARGET = 15.0;
				LD_RUNPATH_SEARCH_PATHS = (
					"$(inherited)",
					"@executable_path/Frameworks",
				);
				MARKETING_VERSION = 1.0;
				PRODUCT_BUNDLE_IDENTIFIER = me.moyano.manuel.VisualizadorDePlanosSwiftUI;
				PRODUCT_NAME = "$(TARGET_NAME)";
				SWIFT_EMIT_LOC_STRINGS = YES;
				SWIFT_VERSION = 5.0;
				TARGETED_DEVICE_FAMILY = "1,2";
			};
			name = Debug;
		};
		3C0217B2287722FE004A5BB5 /* Release */ = {
			isa = XCBuildConfiguration;
			buildSettings = {
				ASSETCATALOG_COMPILER_APPICON_NAME = AppIcon;
				ASSETCATALOG_COMPILER_GLOBAL_ACCENT_COLOR_NAME = AccentColor;
				CODE_SIGN_STYLE = Automatic;
				CURRENT_PROJECT_VERSION = 1;
				DEVELOPMENT_ASSET_PATHS = "\"VisualizadorDePlanosSwiftUI/Preview Content\"";
				ENABLE_PREVIEWS = YES;
				GENERATE_INFOPLIST_FILE = YES;
				INFOPLIST_KEY_UIApplicationSceneManifest_Generation = YES;
				INFOPLIST_KEY_UIApplicationSupportsIndirectInputEvents = YES;
				INFOPLIST_KEY_UILaunchScreen_Generation = YES;
				INFOPLIST_KEY_UISupportedInterfaceOrientations_iPad = "UIInterfaceOrientationPortrait UIInterfaceOrientationPortraitUpsideDown UIInterfaceOrientationLandscapeLeft UIInterfaceOrientationLandscapeRight";
				INFOPLIST_KEY_UISupportedInterfaceOrientations_iPhone = "UIInterfaceOrientationPortrait UIInterfaceOrientationLandscapeLeft UIInterfaceOrientationLandscapeRight";
				IPHONEOS_DEPLOYMENT_TARGET = 15.0;
				LD_RUNPATH_SEARCH_PATHS = (
					"$(inherited)",
					"@executable_path/Frameworks",
				);
				MARKETING_VERSION = 1.0;
				PRODUCT_BUNDLE_IDENTIFIER = me.moyano.manuel.VisualizadorDePlanosSwiftUI;
				PRODUCT_NAME = "$(TARGET_NAME)";
				SWIFT_EMIT_LOC_STRINGS = YES;
				SWIFT_VERSION = 5.0;
				TARGETED_DEVICE_FAMILY = "1,2";
			};
			name = Release;
		};
/* End XCBuildConfiguration section */

/* Begin XCConfigurationList section */
		3C02179D287722FA004A5BB5 /* Build configuration list for PBXProject "VisualizadorDePlanosSwiftUI" */ = {
			isa = XCConfigurationList;
			buildConfigurations = (
				3C0217AE287722FE004A5BB5 /* Debug */,
				3C0217AF287722FE004A5BB5 /* Release */,
			);
			defaultConfigurationIsVisible = 0;
			defaultConfigurationName = Release;
		};
		3C0217B0287722FE004A5BB5 /* Build configuration list for PBXNativeTarget "VisualizadorDePlanosSwiftUI" */ = {
			isa = XCConfigurationList;
			buildConfigurations = (
				3C0217B1287722FE004A5BB5 /* Debug */,
				3C0217B2287722FE004A5BB5 /* Release */,
			);
			defaultConfigurationIsVisible = 0;
			defaultConfigurationName = Release;
		};
/* End XCConfigurationList section */

/* Begin XCRemoteSwiftPackageReference section */
		3C0217B3287726CE004A5BB5 /* XCRemoteSwiftPackageReference "firebase-ios-sdk" */ = {
			isa = XCRemoteSwiftPackageReference;
			repositoryURL = "https://github.com/firebase/firebase-ios-sdk.git";
			requirement = {
				kind = upToNextMajorVersion;
				minimumVersion = 8.0.0;
			};
		};
/* End XCRemoteSwiftPackageReference section */

/* Begin XCSwiftPackageProductDependency section */
		3C0217B4287726CE004A5BB5 /* FirebaseAnalytics */ = {
			isa = XCSwiftPackageProductDependency;
			package = 3C0217B3287726CE004A5BB5 /* XCRemoteSwiftPackageReference "firebase-ios-sdk" */;
			productName = FirebaseAnalytics;
		};
		3C0217B6287726CE004A5BB5 /* FirebaseAnalyticsSwift-Beta */ = {
			isa = XCSwiftPackageProductDependency;
			package = 3C0217B3287726CE004A5BB5 /* XCRemoteSwiftPackageReference "firebase-ios-sdk" */;
			productName = "FirebaseAnalyticsSwift-Beta";
		};
		3C0217C32877593A004A5BB5 /* FirebaseAuth */ = {
			isa = XCSwiftPackageProductDependency;
			package = 3C0217B3287726CE004A5BB5 /* XCRemoteSwiftPackageReference "firebase-ios-sdk" */;
			productName = FirebaseAuth;
		};
		3C0217D02879E09A004A5BB5 /* FirebaseFirestore */ = {
			isa = XCSwiftPackageProductDependency;
			package = 3C0217B3287726CE004A5BB5 /* XCRemoteSwiftPackageReference "firebase-ios-sdk" */;
			productName = FirebaseFirestore;
		};
		3C0217D22879E0FA004A5BB5 /* FirebaseStorage */ = {
			isa = XCSwiftPackageProductDependency;
			package = 3C0217B3287726CE004A5BB5 /* XCRemoteSwiftPackageReference "firebase-ios-sdk" */;
			productName = FirebaseStorage;
		};
		3C5C6BDB287E07D7001A398C /* FirebaseFirestoreSwift-Beta */ = {
			isa = XCSwiftPackageProductDependency;
			package = 3C0217B3287726CE004A5BB5 /* XCRemoteSwiftPackageReference "firebase-ios-sdk" */;
			productName = "FirebaseFirestoreSwift-Beta";
		};
/* End XCSwiftPackageProductDependency section */
	};
	rootObject = 3C02179A287722FA004A5BB5 /* Project object */;
}
